
Microsoft Visual Studio Solution File, Format Version 12.00
# Visual Studio Version 17
VisualStudioVersion = 17.13.35825.156 d17.13
MinimumVisualStudioVersion = 10.0.40219.1
Project("{FAE04EC0-301F-11D3-BF4B-00C04F79EFBC}") = "Triangulos.ConsoleApp", "Triangulos.ConsoleApp\Triangulos.ConsoleApp.csproj", "{7B1CE42B-B91B-42ED-9AFE-9683A23DBA98}"
EndProject
Global
	GlobalSection(SolutionConfigurationPlatforms) = preSolution
		Debug|Any CPU = Debug|Any CPU
		Release|Any CPU = Release|Any CPU
	EndGlobalSection
	GlobalSection(ProjectConfigurationPlatforms) = postSolution
		{7B1CE42B-B91B-42ED-9AFE-9683A23DBA98}.Debug|Any CPU.ActiveCfg = Debug|Any CPU
		{7B1CE42B-B91B-42ED-9AFE-9683A23DBA98}.Debug|Any CPU.Build.0 = Debug|Any CPU
		{7B1CE42B-B91B-42ED-9AFE-9683A23DBA98}.Release|Any CPU.ActiveCfg = Release|Any CPU
		{7B1CE42B-B91B-42ED-9AFE-9683A23DBA98}.Release|Any CPU.Build.0 = Release|Any CPU
	EndGlobalSection
	GlobalSection(SolutionProperties) = preSolution
		HideSolutionNode = FALSE
	EndGlobalSection
	GlobalSection(ExtensibilityGlobals) = postSolution
		SolutionGuid = {F9963A1B-2001-4F46-A7D0-9485360E30A9}
	EndGlobalSection
EndGlobal
